Microsoft Visual Studio Solution File, Format Version 12.00
# Visual Studio 2012
Project("{FAE04EC0-301F-11D3-BF4B-00C04F79EFBC}") = "shots", "shots.csproj", "{DBFB7181-44AB-4DE6-B4B4-D74624695A4B}"
EndProject
Global
	GlobalSection(SolutionConfigurationPlatforms) = preSolution
	Debug|Any CPU = Debug|Any CPU
	ExportDebug|Any CPU = ExportDebug|Any CPU
	ExportRelease|Any CPU = ExportRelease|Any CPU
	EndGlobalSection
	GlobalSection(ProjectConfigurationPlatforms) = postSolution
		{DBFB7181-44AB-4DE6-B4B4-D74624695A4B}.Debug|Any CPU.ActiveCfg = Debug|Any CPU
		{DBFB7181-44AB-4DE6-B4B4-D74624695A4B}.Debug|Any CPU.Build.0 = Debug|Any CPU
		{DBFB7181-44AB-4DE6-B4B4-D74624695A4B}.ExportDebug|Any CPU.ActiveCfg = ExportDebug|Any CPU
		{DBFB7181-44AB-4DE6-B4B4-D74624695A4B}.ExportDebug|Any CPU.Build.0 = ExportDebug|Any CPU
		{DBFB7181-44AB-4DE6-B4B4-D74624695A4B}.ExportRelease|Any CPU.ActiveCfg = ExportRelease|Any CPU
		{DBFB7181-44AB-4DE6-B4B4-D74624695A4B}.ExportRelease|Any CPU.Build.0 = ExportRelease|Any CPU
	EndGlobalSection
EndGlobal
